// !$*UTF8*$!
{
	archiveVersion = 1;
	classes = {
	};
	objectVersion = 50;
	objects = {

/* Begin PBXBuildFile section */
		82404B012276CB430013AA10 /* AppDelegate.swift in Sources */ = {isa = PBXBuildFile; fileRef = 82404B002276CB430013AA10 /* AppDelegate.swift */; };
		82404B032276CB430013AA10 /* ViewController.swift in Sources */ = {isa = PBXBuildFile; fileRef = 82404B022276CB430013AA10 /* ViewController.swift */; };
		82404B062276CB430013AA10 /* Main.storyboard in Resources */ = {isa = PBXBuildFile; fileRef = 82404B042276CB430013AA10 /* Main.storyboard */; };
		82404B082276CB450013AA10 /* Assets.xcassets in Resources */ = {isa = PBXBuildFile; fileRef = 82404B072276CB450013AA10 /* Assets.xcassets */; };
		82404B0B2276CB450013AA10 /* LaunchScreen.storyboard in Resources */ = {isa = PBXBuildFile; fileRef = 82404B092276CB450013AA10 /* LaunchScreen.storyboard */; };
		82404B142276CB4E0013AA10 /* LuminanceControlViewController.swift in Sources */ = {isa = PBXBuildFile; fileRef = 82404B122276CB4E0013AA10 /* LuminanceControlViewController.swift */; };
		82404B152276CB4E0013AA10 /* OneSlideBaseViewController.swift in Sources */ = {isa = PBXBuildFile; fileRef = 82404B132276CB4E0013AA10 /* OneSlideBaseViewController.swift */; };
		82404B172276CB740013AA10 /* a5.jpg in Resources */ = {isa = PBXBuildFile; fileRef = 82404B162276CB740013AA10 /* a5.jpg */; };
		82404B1A2276CC480013AA10 /* CoreImage.framework in Frameworks */ = {isa = PBXBuildFile; fileRef = 82404B192276CC480013AA10 /* CoreImage.framework */; };
		82404B1C2276D0690013AA10 /* LeftTitleSilde.swift in Sources */ = {isa = PBXBuildFile; fileRef = 82404B1B2276D0690013AA10 /* LeftTitleSilde.swift */; };
		82404B212276D9D50013AA10 /* brightness.cikernel in Resources */ = {isa = PBXBuildFile; fileRef = 82404B202276D9D50013AA10 /* brightness.cikernel */; };
		82404B272276FE260013AA10 /* GLKit.framework in Frameworks */ = {isa = PBXBuildFile; fileRef = 82404B262276FE250013AA10 /* GLKit.framework */; };
		82404B2C227704A90013AA10 /* MetalKit.framework in Frameworks */ = {isa = PBXBuildFile; fileRef = 82404B2B227704A90013AA10 /* MetalKit.framework */; };
		82404B2E227704B90013AA10 /* Metal.framework in Frameworks */ = {isa = PBXBuildFile; fileRef = 82404B2D227704B90013AA10 /* Metal.framework */; };
		82404B30227704EF0013AA10 /* MetalKitView.swift in Sources */ = {isa = PBXBuildFile; fileRef = 82404B2F227704EF0013AA10 /* MetalKitView.swift */; };
		82404B32227708DD0013AA10 /* MetalManager.swift in Sources */ = {isa = PBXBuildFile; fileRef = 82404B31227708DD0013AA10 /* MetalManager.swift */; };
		82404B34227710A50013AA10 /* contrast.cikernel in Resources */ = {isa = PBXBuildFile; fileRef = 82404B33227710A50013AA10 /* contrast.cikernel */; };
		82404B36227713A80013AA10 /* saturation.cikernel in Resources */ = {isa = PBXBuildFile; fileRef = 82404B35227713A80013AA10 /* saturation.cikernel */; };
		82FB4BAD2277F90900657B32 /* Photos.framework in Frameworks */ = {isa = PBXBuildFile; fileRef = 82FB4BAC2277F90900657B32 /* Photos.framework */; };
/* End PBXBuildFile section */

/* Begin PBXFileReference section */
		82404AFD2276CB430013AA10 /* CoreImageLearning.app */ = {isa = PBXFileReference; explicitFileType = wrapper.application; includeInIndex = 0; path = CoreImageLearning.app; sourceTree = BUILT_PRODUCTS_DIR; };
		82404B002276CB430013AA10 /* AppDelegate.swift */ = {isa = PBXFileReference; lastKnownFileType = sourcecode.swift; path = AppDelegate.swift; sourceTree = "<group>"; };
		82404B022276CB430013AA10 /* ViewController.swift */ = {isa = PBXFileReference; lastKnownFileType = sourcecode.swift; path = ViewController.swift; sourceTree = "<group>"; };
		82404B052276CB430013AA10 /* Base */ = {isa = PBXFileReference; lastKnownFileType = file.storyboard; name = Base; path = Base.lproj/Main.storyboard; sourceTree = "<group>"; };
		82404B072276CB450013AA10 /* Assets.xcassets */ = {isa = PBXFileReference; lastKnownFileType = folder.assetcatalog; path = Assets.xcassets; sourceTree = "<group>"; };
		82404B0A2276CB450013AA10 /* Base */ = {isa = PBXFileReference; lastKnownFileType = file.storyboard; name = Base; path = Base.lproj/LaunchScreen.storyboard; sourceTree = "<group>"; };
		82404B0C2276CB450013AA10 /* Info.plist */ = {isa = PBXFileReference; lastKnownFileType = text.plist.xml; path = Info.plist; sourceTree = "<group>"; };
		82404B122276CB4E0013AA10 /* LuminanceControlViewController.swift */ = {isa = PBXFileReference; fileEncoding = 4; lastKnownFileType = sourcecode.swift; path = LuminanceControlViewController.swift; sourceTree = "<group>"; };
		82404B132276CB4E0013AA10 /* OneSlideBaseViewController.swift */ = {isa = PBXFileReference; fileEncoding = 4; lastKnownFileType = sourcecode.swift; path = OneSlideBaseViewController.swift; sourceTree = "<group>"; };
		82404B162276CB740013AA10 /* a5.jpg */ = {isa = PBXFileReference; lastKnownFileType = image.jpeg; path = a5.jpg; sourceTree = "<group>"; };
		82404B192276CC480013AA10 /* CoreImage.framework */ = {isa = PBXFileReference; lastKnownFileType = wrapper.framework; name = CoreImage.framework; path = System/Library/Frameworks/CoreImage.framework; sourceTree = SDKROOT; };
		82404B1B2276D0690013AA10 /* LeftTitleSilde.swift */ = {isa = PBXFileReference; lastKnownFileType = sourcecode.swift; path = LeftTitleSilde.swift; sourceTree = "<group>"; };
		82404B202276D9D50013AA10 /* brightness.cikernel */ = {isa = PBXFileReference; explicitFileType = sourcecode.c; path = brightness.cikernel; sourceTree = "<group>"; };
		82404B232276E0BA0013AA10 /* CoreImageLearning-Bridging-Header.h */ = {isa = PBXFileReference; lastKnownFileType = sourcecode.c.h; path = "CoreImageLearning-Bridging-Header.h"; sourceTree = "<group>"; };
		82404B262276FE250013AA10 /* GLKit.framework */ = {isa = PBXFileReference; lastKnownFileType = wrapper.framework; name = GLKit.framework; path = System/Library/Frameworks/GLKit.framework; sourceTree = SDKROOT; };
		82404B2B227704A90013AA10 /* MetalKit.framework */ = {isa = PBXFileReference; lastKnownFileType = wrapper.framework; name = MetalKit.framework; path = System/Library/Frameworks/MetalKit.framework; sourceTree = SDKROOT; };
		82404B2D227704B90013AA10 /* Metal.framework */ = {isa = PBXFileReference; lastKnownFileType = wrapper.framework; name = Metal.framework; path = System/Library/Frameworks/Metal.framework; sourceTree = SDKROOT; };
		82404B2F227704EF0013AA10 /* MetalKitView.swift */ = {isa = PBXFileReference; lastKnownFileType = sourcecode.swift; path = MetalKitView.swift; sourceTree = "<group>"; };
		82404B31227708DD0013AA10 /* MetalManager.swift */ = {isa = PBXFileReference; lastKnownFileType = sourcecode.swift; path = MetalManager.swift; sourceTree = "<group>"; };
		82404B33227710A50013AA10 /* contrast.cikernel */ = {isa = PBXFileReference; explicitFileType = sourcecode.c; path = contrast.cikernel; sourceTree = "<group>"; };
		82404B35227713A80013AA10 /* saturation.cikernel */ = {isa = PBXFileReference; explicitFileType = sourcecode.c; path = saturation.cikernel; sourceTree = "<group>"; };
		82FB4BAC2277F90900657B32 /* Photos.framework */ = {isa = PBXFileReference; lastKnownFileType = wrapper.framework; name = Photos.framework; path = System/Library/Frameworks/Photos.framework; sourceTree = SDKROOT; };
/* End PBXFileReference section */

/* Begin PBXFrameworksBuildPhase section */
		82404AFA2276CB430013AA10 /* Frameworks */ = {
			isa = PBXFrameworksBuildPhase;
			buildActionMask = 2147483647;
			files = (
				82FB4BAD2277F90900657B32 /* Photos.framework in Frameworks */,
				82404B2E227704B90013AA10 /* Metal.framework in Frameworks */,
				82404B2C227704A90013AA10 /* MetalKit.framework in Frameworks */,
				82404B272276FE260013AA10 /* GLKit.framework in Frameworks */,
				82404B1A2276CC480013AA10 /* CoreImage.framework in Frameworks */,
			);
			runOnlyForDeploymentPostprocessing = 0;
		};
/* End PBXFrameworksBuildPhase section */

/* Begin PBXGroup section */
		82404AF42276CB430013AA10 = {
			isa = PBXGroup;
			children = (
				82404B31227708DD0013AA10 /* MetalManager.swift */,
				82404AFF2276CB430013AA10 /* CoreImageLearning */,
				82404AFE2276CB430013AA10 /* Products */,
				82404B182276CC480013AA10 /* Frameworks */,
			);
			sourceTree = "<group>";
		};
		82404AFE2276CB430013AA10 /* Products */ = {
			isa = PBXGroup;
			children = (
				82404AFD2276CB430013AA10 /* CoreImageLearning.app */,
			);
			name = Products;
			sourceTree = "<group>";
		};
		82404AFF2276CB430013AA10 /* CoreImageLearning */ = {
			isa = PBXGroup;
			children = (
				82404B222276DCB00013AA10 /* ViewControllers */,
				82404B1D2276D7230013AA10 /* CustomFilters */,
				82404B162276CB740013AA10 /* a5.jpg */,
				82404B1B2276D0690013AA10 /* LeftTitleSilde.swift */,
				82404B2F227704EF0013AA10 /* MetalKitView.swift */,
				82404B002276CB430013AA10 /* AppDelegate.swift */,
				82404B022276CB430013AA10 /* ViewController.swift */,
				82404B042276CB430013AA10 /* Main.storyboard */,
				82404B072276CB450013AA10 /* Assets.xcassets */,
				82404B092276CB450013AA10 /* LaunchScreen.storyboard */,
				82404B0C2276CB450013AA10 /* Info.plist */,
				82404B232276E0BA0013AA10 /* CoreImageLearning-Bridging-Header.h */,
			);
			path = CoreImageLearning;
			sourceTree = "<group>";
		};
		82404B182276CC480013AA10 /* Frameworks */ = {
			isa = PBXGroup;
			children = (
				82FB4BAC2277F90900657B32 /* Photos.framework */,
				82404B2D227704B90013AA10 /* Metal.framework */,
				82404B2B227704A90013AA10 /* MetalKit.framework */,
				82404B262276FE250013AA10 /* GLKit.framework */,
				82404B192276CC480013AA10 /* CoreImage.framework */,
			);
			name = Frameworks;
			sourceTree = "<group>";
		};
		82404B1D2276D7230013AA10 /* CustomFilters */ = {
			isa = PBXGroup;
			children = (
				82404B202276D9D50013AA10 /* brightness.cikernel */,
				82404B33227710A50013AA10 /* contrast.cikernel */,
				82404B35227713A80013AA10 /* saturation.cikernel */,
			);
			path = CustomFilters;
			sourceTree = "<group>";
		};
		82404B222276DCB00013AA10 /* ViewControllers */ = {
			isa = PBXGroup;
			children = (
				82404B122276CB4E0013AA10 /* LuminanceControlViewController.swift */,
				82404B132276CB4E0013AA10 /* OneSlideBaseViewController.swift */,
			);
			path = ViewControllers;
			sourceTree = "<group>";
		};
/* End PBXGroup section */

/* Begin PBXNativeTarget section */
		82404AFC2276CB430013AA10 /* CoreImageLearning */ = {
			isa = PBXNativeTarget;
			buildConfigurationList = 82404B0F2276CB450013AA10 /* Build configuration list for PBXNativeTarget "CoreImageLearning" */;
			buildPhases = (
				82404AF92276CB430013AA10 /* Sources */,
				82404AFA2276CB430013AA10 /* Frameworks */,
				82404AFB2276CB430013AA10 /* Resources */,
			);
			buildRules = (
			);
			dependencies = (
			);
			name = CoreImageLearning;
			productName = CoreImageLearning;
			productReference = 82404AFD2276CB430013AA10 /* CoreImageLearning.app */;
			productType = "com.apple.product-type.application";
		};
/* End PBXNativeTarget section */

/* Begin PBXProject section */
		82404AF52276CB430013AA10 /* Project object */ = {
			isa = PBXProject;
			attributes = {
				LastSwiftUpdateCheck = 1020;
				LastUpgradeCheck = 1020;
				ORGANIZATIONNAME = resober;
				TargetAttributes = {
					82404AFC2276CB430013AA10 = {
						CreatedOnToolsVersion = 10.2.1;
						LastSwiftMigration = 1020;
					};
				};
			};
			buildConfigurationList = 82404AF82276CB430013AA10 /* Build configuration list for PBXProject "CoreImageLearning" */;
			compatibilityVersion = "Xcode 9.3";
			developmentRegion = en;
			hasScannedForEncodings = 0;
			knownRegions = (
				en,
				Base,
			);
			mainGroup = 82404AF42276CB430013AA10;
			productRefGroup = 82404AFE2276CB430013AA10 /* Products */;
			projectDirPath = "";
			projectRoot = "";
			targets = (
				82404AFC2276CB430013AA10 /* CoreImageLearning */,
			);
		};
/* End PBXProject section */

/* Begin PBXResourcesBuildPhase section */
		82404AFB2276CB430013AA10 /* Resources */ = {
			isa = PBXResourcesBuildPhase;
			buildActionMask = 2147483647;
			files = (
				82404B0B2276CB450013AA10 /* LaunchScreen.storyboard in Resources */,
				82404B082276CB450013AA10 /* Assets.xcassets in Resources */,
				82404B34227710A50013AA10 /* contrast.cikernel in Resources */,
				82404B062276CB430013AA10 /* Main.storyboard in Resources */,
				82404B212276D9D50013AA10 /* brightness.cikernel in Resources */,
				82404B172276CB740013AA10 /* a5.jpg in Resources */,
				82404B36227713A80013AA10 /* saturation.cikernel in Resources */,
			);
			runOnlyForDeploymentPostprocessing = 0;
		};
/* End PBXResourcesBuildPhase section */

/* Begin PBXSourcesBuildPhase section */
		82404AF92276CB430013AA10 /* Sources */ = {
			isa = PBXSourcesBuildPhase;
			buildActionMask = 2147483647;
			files = (
				82404B1C2276D0690013AA10 /* LeftTitleSilde.swift in Sources */,
				82404B30227704EF0013AA10 /* MetalKitView.swift in Sources */,
				82404B152276CB4E0013AA10 /* OneSlideBaseViewController.swift in Sources */,
				82404B032276CB430013AA10 /* ViewController.swift in Sources */,
				82404B142276CB4E0013AA10 /* LuminanceControlViewController.swift in Sources */,
				82404B32227708DD0013AA10 /* MetalManager.swift in Sources */,
				82404B012276CB430013AA10 /* AppDelegate.swift in Sources */,
			);
			runOnlyForDeploymentPostprocessing = 0;
		};
/* End PBXSourcesBuildPhase section */

/* Begin PBXVariantGroup section */
		82404B042276CB430013AA10 /* Main.storyboard */ = {
			isa = PBXVariantGroup;
			children = (
				82404B052276CB430013AA10 /* Base */,
			);
			name = Main.storyboard;
			sourceTree = "<group>";
		};
		82404B092276CB450013AA10 /* LaunchScreen.storyboard */ = {
			isa = PBXVariantGroup;
			children = (
				82404B0A2276CB450013AA10 /* Base */,
			);
			name = LaunchScreen.storyboard;
			sourceTree = "<group>";
		};
/* End PBXVariantGroup section */

/* Begin XCBuildConfiguration section */
		82404B0D2276CB450013AA10 /* Debug */ = {
			isa = XCBuildConfiguration;
			buildSettings = {
				ALWAYS_SEARCH_USER_PATHS = NO;
				CLANG_ANALYZER_NONNULL = YES;
				CLANG_ANALYZER_NUMBER_OBJECT_CONVERSION = YES_AGGRESSIVE;
				CLANG_CXX_LANGUAGE_STANDARD = "gnu++14";
				CLANG_CXX_LIBRARY = "libc++";
				CLANG_ENABLE_MODULES = YES;
				CLANG_ENABLE_OBJC_ARC = YES;
				CLANG_ENABLE_OBJC_WEAK = YES;
				CLANG_WARN_BLOCK_CAPTURE_AUTORELEASING = YES;
				CLANG_WARN_BOOL_CONVERSION = YES;
				CLANG_WARN_COMMA = YES;
				CLANG_WARN_CONSTANT_CONVERSION = YES;
				CLANG_WARN_DEPRECATED_OBJC_IMPLEMENTATIONS = YES;
				CLANG_WARN_DIRECT_OBJC_ISA_USAGE = YES_ERROR;
				CLANG_WARN_DOCUMENTATION_COMMENTS = YES;
				CLANG_WARN_EMPTY_BODY = YES;
				CLANG_WARN_ENUM_CONVERSION = YES;
				CLANG_WARN_INFINITE_RECURSION = YES;
				CLANG_WARN_INT_CONVERSION = YES;
				CLANG_WARN_NON_LITERAL_NULL_CONVERSION = YES;
				CLANG_WARN_OBJC_IMPLICIT_RETAIN_SELF = YES;
				CLANG_WARN_OBJC_LITERAL_CONVERSION = YES;
				CLANG_WARN_OBJC_ROOT_CLASS = YES_ERROR;
				CLANG_WARN_RANGE_LOOP_ANALYSIS = YES;
				CLANG_WARN_STRICT_PROTOTYPES = YES;
				CLANG_WARN_SUSPICIOUS_MOVE = YES;
				CLANG_WARN_UNGUARDED_AVAILABILITY = YES_AGGRESSIVE;
				CLANG_WARN_UNREACHABLE_CODE = YES;
				CLANG_WARN__DUPLICATE_METHOD_MATCH = YES;
				CODE_SIGN_IDENTITY = "iPhone Developer";
				COPY_PHASE_STRIP = NO;
				DEBUG_INFORMATION_FORMAT = dwarf;
				ENABLE_STRICT_OBJC_MSGSEND = YES;
				ENABLE_TESTABILITY = YES;
				GCC_C_LANGUAGE_STANDARD = gnu11;
				GCC_DYNAMIC_NO_PIC = NO;
				GCC_NO_COMMON_BLOCKS = YES;
				GCC_OPTIMIZATION_LEVEL = 0;
				GCC_PREPROCESSOR_DEFINITIONS = (
					"DEBUG=1",
					"$(inherited)",
				);
				GCC_WARN_64_TO_32_BIT_CONVERSION = YES;
				GCC_WARN_ABOUT_RETURN_TYPE = YES_ERROR;
				GCC_WARN_UNDECLARED_SELECTOR = YES;
				GCC_WARN_UNINITIALIZED_AUTOS = YES_AGGRESSIVE;
				GCC_WARN_UNUSED_FUNCTION = YES;
				GCC_WARN_UNUSED_VARIABLE = YES;
				IPHONEOS_DEPLOYMENT_TARGET = 12.2;
				MTL_ENABLE_DEBUG_INFO = INCLUDE_SOURCE;
				MTL_FAST_MATH = YES;
				ONLY_ACTIVE_ARCH = YES;
				SDKROOT = iphoneos;
				SWIFT_ACTIVE_COMPILATION_CONDITIONS = DEBUG;
				SWIFT_OPTIMIZATION_LEVEL = "-Onone";
			};
			name = Debug;
		};
		82404B0E2276CB450013AA10 /* Release */ = {
			isa = XCBuildConfiguration;
			buildSettings = {
				ALWAYS_SEARCH_USER_PATHS = NO;
				CLANG_ANALYZER_NONNULL = YES;
				CLANG_ANALYZER_NUMBER_OBJECT_CONVERSION = YES_AGGRESSIVE;
				CLANG_CXX_LANGUAGE_STANDARD = "gnu++14";
				CLANG_CXX_LIBRARY = "libc++";
				CLANG_ENABLE_MODULES = YES;
				CLANG_ENABLE_OBJC_ARC = YES;
				CLANG_ENABLE_OBJC_WEAK = YES;
				CLANG_WARN_BLOCK_CAPTURE_AUTORELEASING = YES;
				CLANG_WARN_BOOL_CONVERSION = YES;
				CLANG_WARN_COMMA = YES;
				CLANG_WARN_CONSTANT_CONVERSION = YES;
				CLANG_WARN_DEPRECATED_OBJC_IMPLEMENTATIONS = YES;
				CLANG_WARN_DIRECT_OBJC_ISA_USAGE = YES_ERROR;
				CLANG_WARN_DOCUMENTATION_COMMENTS = YES;
				CLANG_WARN_EMPTY_BODY = YES;
				CLANG_WARN_ENUM_CONVERSION = YES;
				CLANG_WARN_INFINITE_RECURSION = YES;
				CLANG_WARN_INT_CONVERSION = YES;
				CLANG_WARN_NON_LITERAL_NULL_CONVERSION = YES;
				CLANG_WARN_OBJC_IMPLICIT_RETAIN_SELF = YES;
				CLANG_WARN_OBJC_LITERAL_CONVERSION = YES;
				CLANG_WARN_OBJC_ROOT_CLASS = YES_ERROR;
				CLANG_WARN_RANGE_LOOP_ANALYSIS = YES;
				CLANG_WARN_STRICT_PROTOTYPES = YES;
				CLANG_WARN_SUSPICIOUS_MOVE = YES;
				CLANG_WARN_UNGUARDED_AVAILABILITY = YES_AGGRESSIVE;
				CLANG_WARN_UNREACHABLE_CODE = YES;
				CLANG_WARN__DUPLICATE_METHOD_MATCH = YES;
				CODE_SIGN_IDENTITY = "iPhone Developer";
				COPY_PHASE_STRIP = NO;
				DEBUG_INFORMATION_FORMAT = "dwarf-with-dsym";
				ENABLE_NS_ASSERTIONS = NO;
				ENABLE_STRICT_OBJC_MSGSEND = YES;
				GCC_C_LANGUAGE_STANDARD = gnu11;
				GCC_NO_COMMON_BLOCKS = YES;
				GCC_WARN_64_TO_32_BIT_CONVERSION = YES;
				GCC_WARN_ABOUT_RETURN_TYPE = YES_ERROR;
				GCC_WARN_UNDECLARED_SELECTOR = YES;
				GCC_WARN_UNINITIALIZED_AUTOS = YES_AGGRESSIVE;
				GCC_WARN_UNUSED_FUNCTION = YES;
				GCC_WARN_UNUSED_VARIABLE = YES;
				IPHONEOS_DEPLOYMENT_TARGET = 12.2;
				MTL_ENABLE_DEBUG_INFO = NO;
				MTL_FAST_MATH = YES;
				SDKROOT = iphoneos;
				SWIFT_COMPILATION_MODE = wholemodule;
				SWIFT_OPTIMIZATION_LEVEL = "-O";
				VALIDATE_PRODUCT = YES;
			};
			name = Release;
		};
		82404B102276CB450013AA10 /* Debug */ = {
			isa = XCBuildConfiguration;
			buildSettings = {
				ASSETCATALOG_COMPILER_APPICON_NAME = AppIcon;
				CLANG_ENABLE_MODULES = YES;
				CODE_SIGN_STYLE = Automatic;
				DEVELOPMENT_TEAM = WFCHHM4YW4;
				INFOPLIST_FILE = CoreImageLearning/Info.plist;
				IPHONEOS_DEPLOYMENT_TARGET = 9.0;
				LD_RUNPATH_SEARCH_PATHS = (
					"$(inherited)",
					"@executable_path/Frameworks",
				);
				PRODUCT_BUNDLE_IDENTIFIER = resober.CoreImageLearning;
				PRODUCT_NAME = "$(TARGET_NAME)";
				SWIFT_OBJC_BRIDGING_HEADER = "CoreImageLearning/CoreImageLearning-Bridging-Header.h";
				SWIFT_OPTIMIZATION_LEVEL = "-Onone";
				SWIFT_VERSION = 5.0;
				TARGETED_DEVICE_FAMILY = "1,2";
			};
			name = Debug;
		};
		82404B112276CB450013AA10 /* Release */ = {
			isa = XCBuildConfiguration;
			buildSettings = {
				ASSETCATALOG_COMPILER_APPICON_NAME = AppIcon;
				CLANG_ENABLE_MODULES = YES;
				CODE_SIGN_STYLE = Automatic;
				DEVELOPMENT_TEAM = WFCHHM4YW4;
				INFOPLIST_FILE = CoreImageLearning/Info.plist;
				IPHONEOS_DEPLOYMENT_TARGET = 9.0;
				LD_RUNPATH_SEARCH_PATHS = (
					"$(inherited)",
					"@executable_path/Frameworks",
				);
				PRODUCT_BUNDLE_IDENTIFIER = resober.CoreImageLearning;
				PRODUCT_NAME = "$(TARGET_NAME)";
				SWIFT_OBJC_BRIDGING_HEADER = "CoreImageLearning/CoreImageLearning-Bridging-Header.h";
				SWIFT_VERSION = 5.0;
				TARGETED_DEVICE_FAMILY = "1,2";
			};
			name = Release;
		};
/* End XCBuildConfiguration section */

/* Begin XCConfigurationList section */
		82404AF82276CB430013AA10 /* Build configuration list for PBXProject "CoreImageLearning" */ = {
			isa = XCConfigurationList;
			buildConfigurations = (
				82404B0D2276CB450013AA10 /* Debug */,
				82404B0E2276CB450013AA10 /* Release */,
			);
			defaultConfigurationIsVisible = 0;
			defaultConfigurationName = Release;
		};
		82404B0F2276CB450013AA10 /* Build configuration list for PBXNativeTarget "CoreImageLearning" */ = {
			isa = XCConfigurationList;
			buildConfigurations = (
				82404B102276CB450013AA10 /* Debug */,
				82404B112276CB450013AA10 /* Release */,
			);
			defaultConfigurationIsVisible = 0;
			defaultConfigurationName = Release;
		};
/* End XCConfigurationList section */
	};
	rootObject = 82404AF52276CB430013AA10 /* Project object */;
}
